
Microsoft Visual Studio Solution File, Format Version 12.00
# Visual Studio Version 16
VisualStudioVersion = 16.0.32228.343
MinimumVisualStudioVersion = 10.0.40219.1
Project("{FAE04EC0-301F-11D3-BF4B-00C04F79EFBC}") = "TaskAppMVC", "TaskAppMVC\TaskAppMVC.csproj", "{359FA3ED-B037-40FF-ADDF-0DBBB3CDCCDC}"
EndProject
Global
	GlobalSection(SolutionConfigurationPlatforms) = preSolution
		Debug|Any CPU = Debug|Any CPU
		Release|Any CPU = Release|Any CPU
	EndGlobalSection
	GlobalSection(ProjectConfigurationPlatforms) = postSolution
		{359FA3ED-B037-40FF-ADDF-0DBBB3CDCCDC}.Debug|Any CPU.ActiveCfg = Debug|Any CPU
		{359FA3ED-B037-40FF-ADDF-0DBBB3CDCCDC}.Debug|Any CPU.Build.0 = Debug|Any CPU
		{359FA3ED-B037-40FF-ADDF-0DBBB3CDCCDC}.Release|Any CPU.ActiveCfg = Release|Any CPU
		{359FA3ED-B037-40FF-ADDF-0DBBB3CDCCDC}.Release|Any CPU.Build.0 = Release|Any CPU
	EndGlobalSection
	GlobalSection(SolutionProperties) = preSolution
		HideSolutionNode = FALSE
	EndGlobalSection
	GlobalSection(ExtensibilityGlobals) = postSolution
		SolutionGuid = {097301E2-686A-4CF9-B076-E3FCEFDF08FD}
	EndGlobalSection
EndGlobal
